# This file is automatically @generated by Cargo.
# It is not intended for manual editing.
[[package]]
name = "nesm"
version = "0.1.0"
dependencies = [
 "static_assertions",
]

[[package]]
name = "static_assertions"
version = "0.2.5"
source = "registry+https://github.com/rust-lang/crates.io-index"
checksum = "c19be23126415861cb3a23e501d34a708f7f9b2183c5252d690941c2e69199d5"
